// !$*UTF8*$!
{
	archiveVersion = 1;
	classes = {
	};
	objectVersion = 46;
	objects = {

/* Begin PBXBuildFile section */
		231AC2CC155CFCE800A41E33 /* SARepeatingButton.m in Sources */ = {isa = PBXBuildFile; fileRef = 231AC2CB155CFCE800A41E33 /* SARepeatingButton.m */; };
		2341768115589725008FD85A /* SAStreetNumberInputView.m in Sources */ = {isa = PBXBuildFile; fileRef = 2341768015589725008FD85A /* SAStreetNumberInputView.m */; };
		234A37B11562A0E20057C950 /* fade_area_bg.png in Resources */ = {isa = PBXBuildFile; fileRef = 234A37A61562A0E20057C950 /* fade_area_bg.png */; };
		234A37B21562A0E20057C950 /* fade_area_bg@2x.png in Resources */ = {isa = PBXBuildFile; fileRef = 234A37A71562A0E20057C950 /* fade_area_bg@2x.png */; };
		234A37B31562A0E20057C950 /* Icon-72.png in Resources */ = {isa = PBXBuildFile; fileRef = 234A37A81562A0E20057C950 /* Icon-72.png */; };
		234A37B41562A0E20057C950 /* Icon-Small-50.png in Resources */ = {isa = PBXBuildFile; fileRef = 234A37A91562A0E20057C950 /* Icon-Small-50.png */; };
		234A37B51562A0E20057C950 /* Icon-Small.png in Resources */ = {isa = PBXBuildFile; fileRef = 234A37AA1562A0E20057C950 /* Icon-Small.png */; };
		234A37B61562A0E20057C950 /* Icon-Small@2x.png in Resources */ = {isa = PBXBuildFile; fileRef = 234A37AB1562A0E20057C950 /* Icon-Small@2x.png */; };
		234A37B71562A0E20057C950 /* Icon.png in Resources */ = {isa = PBXBuildFile; fileRef = 234A37AC1562A0E20057C950 /* Icon.png */; };
		234A37B81562A0E20057C950 /* Icon@2x.png in Resources */ = {isa = PBXBuildFile; fileRef = 234A37AD1562A0E20057C950 /* Icon@2x.png */; };
		234A37B91562A0E20057C950 /* iTunesArtwork.png in Resources */ = {isa = PBXBuildFile; fileRef = 234A37AE1562A0E20057C950 /* iTunesArtwork.png */; };
		2367CF5815580AAC00734255 /* SACounterUtil.m in Sources */ = {isa = PBXBuildFile; fileRef = 2367CF5715580AAC00734255 /* SACounterUtil.m */; };
		2373C9871551B73C00F211AA /* UIKit.framework in Frameworks */ = {isa = PBXBuildFile; fileRef = 2373C9861551B73C00F211AA /* UIKit.framework */; };
		2373C9891551B73C00F211AA /* Foundation.framework in Frameworks */ = {isa = PBXBuildFile; fileRef = 2373C9881551B73C00F211AA /* Foundation.framework */; };
		2373C98B1551B73C00F211AA /* CoreGraphics.framework in Frameworks */ = {isa = PBXBuildFile; fileRef = 2373C98A1551B73C00F211AA /* CoreGraphics.framework */; };
		2373C9911551B73D00F211AA /* InfoPlist.strings in Resources */ = {isa = PBXBuildFile; fileRef = 2373C98F1551B73D00F211AA /* InfoPlist.strings */; };
		2373C9931551B73D00F211AA /* main.m in Sources */ = {isa = PBXBuildFile; fileRef = 2373C9921551B73D00F211AA /* main.m */; };
		2373C9971551B73D00F211AA /* SAAppDelegate.m in Sources */ = {isa = PBXBuildFile; fileRef = 2373C9961551B73D00F211AA /* SAAppDelegate.m */; };
		2373C99A1551B73D00F211AA /* SAViewController.m in Sources */ = {isa = PBXBuildFile; fileRef = 2373C9991551B73D00F211AA /* SAViewController.m */; };
		2373C99D1551B73D00F211AA /* SAViewController.xib in Resources */ = {isa = PBXBuildFile; fileRef = 2373C99B1551B73D00F211AA /* SAViewController.xib */; };
		2373C9CD1551C39100F211AA /* SADoubleStreetNumberInputView.m in Sources */ = {isa = PBXBuildFile; fileRef = 2373C9CC1551C39100F211AA /* SADoubleStreetNumberInputView.m */; };
		23C3CBED1562A34E00F6CB21 /* icon_arrowBigDown.png in Resources */ = {isa = PBXBuildFile; fileRef = 23C3CBE91562A34E00F6CB21 /* icon_arrowBigDown.png */; };
		23C3CBEE1562A34E00F6CB21 /* icon_arrowBigUp.png in Resources */ = {isa = PBXBuildFile; fileRef = 23C3CBEA1562A34E00F6CB21 /* icon_arrowBigUp.png */; };
		23C3CBEF1562A34E00F6CB21 /* icon_arrowBigDown@2x.png in Resources */ = {isa = PBXBuildFile; fileRef = 23C3CBEB1562A34E00F6CB21 /* icon_arrowBigDown@2x.png */; };
		23C3CBF01562A34E00F6CB21 /* icon_arrowBigUp@2x.png in Resources */ = {isa = PBXBuildFile; fileRef = 23C3CBEC1562A34E00F6CB21 /* icon_arrowBigUp@2x.png */; };
		23C3CBF41562A6BF00F6CB21 /* SASingleInputStreetNumberInputView.m in Sources */ = {isa = PBXBuildFile; fileRef = 23C3CBF31562A6BF00F6CB21 /* SASingleInputStreetNumberInputView.m */; };
/* End PBXBuildFile section */

/* Begin PBXFileReference section */
		231AC2CA155CFCE800A41E33 /* SARepeatingButton.h */ = {isa = PBXFileReference; fileEncoding = 4; lastKnownFileType = sourcecode.c.h; path = SARepeatingButton.h; sourceTree = "<group>"; };
		231AC2CB155CFCE800A41E33 /* SARepeatingButton.m */ = {isa = PBXFileReference; fileEncoding = 4; lastKnownFileType = sourcecode.c.objc; path = SARepeatingButton.m; sourceTree = "<group>"; };
		2341767F15589725008FD85A /* SAStreetNumberInputView.h */ = {isa = PBXFileReference; fileEncoding = 4; lastKnownFileType = sourcecode.c.h; path = SAStreetNumberInputView.h; sourceTree = "<group>"; };
		2341768015589725008FD85A /* SAStreetNumberInputView.m */ = {isa = PBXFileReference; fileEncoding = 4; lastKnownFileType = sourcecode.c.objc; path = SAStreetNumberInputView.m; sourceTree = "<group>"; };
		234A37A61562A0E20057C950 /* fade_area_bg.png */ = {isa = PBXFileReference; lastKnownFileType = image.png; path = fade_area_bg.png; sourceTree = "<group>"; };
		234A37A71562A0E20057C950 /* fade_area_bg@2x.png */ = {isa = PBXFileReference; lastKnownFileType = image.png; path = "fade_area_bg@2x.png"; sourceTree = "<group>"; };
		234A37A81562A0E20057C950 /* Icon-72.png */ = {isa = PBXFileReference; lastKnownFileType = image.png; path = "Icon-72.png"; sourceTree = "<group>"; };
		234A37A91562A0E20057C950 /* Icon-Small-50.png */ = {isa = PBXFileReference; lastKnownFileType = image.png; path = "Icon-Small-50.png"; sourceTree = "<group>"; };
		234A37AA1562A0E20057C950 /* Icon-Small.png */ = {isa = PBXFileReference; lastKnownFileType = image.png; path = "Icon-Small.png"; sourceTree = "<group>"; };
		234A37AB1562A0E20057C950 /* Icon-Small@2x.png */ = {isa = PBXFileReference; lastKnownFileType = image.png; path = "Icon-Small@2x.png"; sourceTree = "<group>"; };
		234A37AC1562A0E20057C950 /* Icon.png */ = {isa = PBXFileReference; lastKnownFileType = image.png; path = Icon.png; sourceTree = "<group>"; };
		234A37AD1562A0E20057C950 /* Icon@2x.png */ = {isa = PBXFileReference; lastKnownFileType = image.png; path = "Icon@2x.png"; sourceTree = "<group>"; };
		234A37AE1562A0E20057C950 /* iTunesArtwork.png */ = {isa = PBXFileReference; lastKnownFileType = image.png; path = iTunesArtwork.png; sourceTree = "<group>"; };
		2367CF5615580AAC00734255 /* SACounterUtil.h */ = {isa = PBXFileReference; fileEncoding = 4; lastKnownFileType = sourcecode.c.h; path = SACounterUtil.h; sourceTree = "<group>"; };
		2367CF5715580AAC00734255 /* SACounterUtil.m */ = {isa = PBXFileReference; fileEncoding = 4; lastKnownFileType = sourcecode.c.objc; path = SACounterUtil.m; sourceTree = "<group>"; };
		2373C9821551B73C00F211AA /* ios-custom-input-component.app */ = {isa = PBXFileReference; explicitFileType = wrapper.application; includeInIndex = 0; path = "ios-custom-input-component.app"; sourceTree = BUILT_PRODUCTS_DIR; };
		2373C9861551B73C00F211AA /* UIKit.framework */ = {isa = PBXFileReference; lastKnownFileType = wrapper.framework; name = UIKit.framework; path = System/Library/Frameworks/UIKit.framework; sourceTree = SDKROOT; };
		2373C9881551B73C00F211AA /* Foundation.framework */ = {isa = PBXFileReference; lastKnownFileType = wrapper.framework; name = Foundation.framework; path = System/Library/Frameworks/Foundation.framework; sourceTree = SDKROOT; };
		2373C98A1551B73C00F211AA /* CoreGraphics.framework */ = {isa = PBXFileReference; lastKnownFileType = wrapper.framework; name = CoreGraphics.framework; path = System/Library/Frameworks/CoreGraphics.framework; sourceTree = SDKROOT; };
		2373C98E1551B73D00F211AA /* ios-custom-input-component-Info.plist */ = {isa = PBXFileReference; lastKnownFileType = text.plist.xml; path = "ios-custom-input-component-Info.plist"; sourceTree = "<group>"; };
		2373C9901551B73D00F211AA /* en */ = {isa = PBXFileReference; lastKnownFileType = text.plist.strings; name = en; path = en.lproj/InfoPlist.strings; sourceTree = "<group>"; };
		2373C9921551B73D00F211AA /* main.m */ = {isa = PBXFileReference; lastKnownFileType = sourcecode.c.objc; path = main.m; sourceTree = "<group>"; };
		2373C9941551B73D00F211AA /* ios-custom-input-component-Prefix.pch */ = {isa = PBXFileReference; lastKnownFileType = sourcecode.c.h; path = "ios-custom-input-component-Prefix.pch"; sourceTree = "<group>"; };
		2373C9951551B73D00F211AA /* SAAppDelegate.h */ = {isa = PBXFileReference; lastKnownFileType = sourcecode.c.h; path = SAAppDelegate.h; sourceTree = "<group>"; };
		2373C9961551B73D00F211AA /* SAAppDelegate.m */ = {isa = PBXFileReference; lastKnownFileType = sourcecode.c.objc; path = SAAppDelegate.m; sourceTree = "<group>"; };
		2373C9981551B73D00F211AA /* SAViewController.h */ = {isa = PBXFileReference; lastKnownFileType = sourcecode.c.h; path = SAViewController.h; sourceTree = "<group>"; };
		2373C9991551B73D00F211AA /* SAViewController.m */ = {isa = PBXFileReference; lastKnownFileType = sourcecode.c.objc; path = SAViewController.m; sourceTree = "<group>"; };
		2373C99C1551B73D00F211AA /* en */ = {isa = PBXFileReference; lastKnownFileType = file.xib; name = en; path = en.lproj/SAViewController.xib; sourceTree = "<group>"; };
		2373C9A41551B73D00F211AA /* SenTestingKit.framework */ = {isa = PBXFileReference; lastKnownFileType = wrapper.framework; name = SenTestingKit.framework; path = Library/Frameworks/SenTestingKit.framework; sourceTree = DEVELOPER_DIR; };
		2373C9CA1551C1D000F211AA /* SAStreetNumberInput.h */ = {isa = PBXFileReference; lastKnownFileType = sourcecode.c.h; path = SAStreetNumberInput.h; sourceTree = "<group>"; };
		2373C9CB1551C39100F211AA /* SADoubleStreetNumberInputView.h */ = {isa = PBXFileReference; fileEncoding = 4; lastKnownFileType = sourcecode.c.h; path = SADoubleStreetNumberInputView.h; sourceTree = "<group>"; };
		2373C9CC1551C39100F211AA /* SADoubleStreetNumberInputView.m */ = {isa = PBXFileReference; fileEncoding = 4; lastKnownFileType = sourcecode.c.objc; path = SADoubleStreetNumberInputView.m; sourceTree = "<group>"; };
		23C3CBE91562A34E00F6CB21 /* icon_arrowBigDown.png */ = {isa = PBXFileReference; lastKnownFileType = image.png; path = icon_arrowBigDown.png; sourceTree = "<group>"; };
		23C3CBEA1562A34E00F6CB21 /* icon_arrowBigUp.png */ = {isa = PBXFileReference; lastKnownFileType = image.png; path = icon_arrowBigUp.png; sourceTree = "<group>"; };
		23C3CBEB1562A34E00F6CB21 /* icon_arrowBigDown@2x.png */ = {isa = PBXFileReference; lastKnownFileType = image.png; path = "icon_arrowBigDown@2x.png"; sourceTree = "<group>"; };
		23C3CBEC1562A34E00F6CB21 /* icon_arrowBigUp@2x.png */ = {isa = PBXFileReference; lastKnownFileType = image.png; path = "icon_arrowBigUp@2x.png"; sourceTree = "<group>"; };
		23C3CBF21562A6BF00F6CB21 /* SASingleInputStreetNumberInputView.h */ = {isa = PBXFileReference; fileEncoding = 4; lastKnownFileType = sourcecode.c.h; path = SASingleInputStreetNumberInputView.h; sourceTree = "<group>"; };
		23C3CBF31562A6BF00F6CB21 /* SASingleInputStreetNumberInputView.m */ = {isa = PBXFileReference; fileEncoding = 4; lastKnownFileType = sourcecode.c.objc; path = SASingleInputStreetNumberInputView.m; sourceTree = "<group>"; };
/* End PBXFileReference section */

/* Begin PBXFrameworksBuildPhase section */
		2373C97F1551B73C00F211AA /* Frameworks */ = {
			isa = PBXFrameworksBuildPhase;
			buildActionMask = 2147483647;
			files = (
				2373C9871551B73C00F211AA /* UIKit.framework in Frameworks */,
				2373C9891551B73C00F211AA /* Foundation.framework in Frameworks */,
				2373C98B1551B73C00F211AA /* CoreGraphics.framework in Frameworks */,
			);
			runOnlyForDeploymentPostprocessing = 0;
		};
/* End PBXFrameworksBuildPhase section */

/* Begin PBXGroup section */
		234A37A31562A0E20057C950 /* Resources */ = {
			isa = PBXGroup;
			children = (
				23C3CBE91562A34E00F6CB21 /* icon_arrowBigDown.png */,
				23C3CBEA1562A34E00F6CB21 /* icon_arrowBigUp.png */,
				23C3CBEB1562A34E00F6CB21 /* icon_arrowBigDown@2x.png */,
				23C3CBEC1562A34E00F6CB21 /* icon_arrowBigUp@2x.png */,
				234A37A61562A0E20057C950 /* fade_area_bg.png */,
				234A37A71562A0E20057C950 /* fade_area_bg@2x.png */,
				234A37A81562A0E20057C950 /* Icon-72.png */,
				234A37A91562A0E20057C950 /* Icon-Small-50.png */,
				234A37AA1562A0E20057C950 /* Icon-Small.png */,
				234A37AB1562A0E20057C950 /* Icon-Small@2x.png */,
				234A37AC1562A0E20057C950 /* Icon.png */,
				234A37AD1562A0E20057C950 /* Icon@2x.png */,
				234A37AE1562A0E20057C950 /* iTunesArtwork.png */,
			);
			path = Resources;
			sourceTree = "<group>";
		};
		2373C9771551B73C00F211AA = {
			isa = PBXGroup;
			children = (
				2373C98C1551B73C00F211AA /* ios-custom-input-component */,
				2373C9851551B73C00F211AA /* Frameworks */,
				2373C9831551B73C00F211AA /* Products */,
			);
			sourceTree = "<group>";
		};
		2373C9831551B73C00F211AA /* Products */ = {
			isa = PBXGroup;
			children = (
				2373C9821551B73C00F211AA /* ios-custom-input-component.app */,
			);
			name = Products;
			sourceTree = "<group>";
		};
		2373C9851551B73C00F211AA /* Frameworks */ = {
			isa = PBXGroup;
			children = (
				2373C9861551B73C00F211AA /* UIKit.framework */,
				2373C9881551B73C00F211AA /* Foundation.framework */,
				2373C98A1551B73C00F211AA /* CoreGraphics.framework */,
				2373C9A41551B73D00F211AA /* SenTestingKit.framework */,
			);
			name = Frameworks;
			sourceTree = "<group>";
		};
		2373C98C1551B73C00F211AA /* ios-custom-input-component */ = {
			isa = PBXGroup;
			children = (
				234A37A31562A0E20057C950 /* Resources */,
				2373C9951551B73D00F211AA /* SAAppDelegate.h */,
				2373C9961551B73D00F211AA /* SAAppDelegate.m */,
				2373C9981551B73D00F211AA /* SAViewController.h */,
				2373C9991551B73D00F211AA /* SAViewController.m */,
				2373C99B1551B73D00F211AA /* SAViewController.xib */,
				2373C98D1551B73D00F211AA /* Supporting Files */,
				2373C9CA1551C1D000F211AA /* SAStreetNumberInput.h */,
				2341767F15589725008FD85A /* SAStreetNumberInputView.h */,
				2341768015589725008FD85A /* SAStreetNumberInputView.m */,
				2373C9CB1551C39100F211AA /* SADoubleStreetNumberInputView.h */,
				2373C9CC1551C39100F211AA /* SADoubleStreetNumberInputView.m */,
				231AC2CA155CFCE800A41E33 /* SARepeatingButton.h */,
				231AC2CB155CFCE800A41E33 /* SARepeatingButton.m */,
				23C3CBF21562A6BF00F6CB21 /* SASingleInputStreetNumberInputView.h */,
				23C3CBF31562A6BF00F6CB21 /* SASingleInputStreetNumberInputView.m */,
				2367CF5615580AAC00734255 /* SACounterUtil.h */,
				2367CF5715580AAC00734255 /* SACounterUtil.m */,
			);
			path = "ios-custom-input-component";
			sourceTree = "<group>";
		};
		2373C98D1551B73D00F211AA /* Supporting Files */ = {
			isa = PBXGroup;
			children = (
				2373C98E1551B73D00F211AA /* ios-custom-input-component-Info.plist */,
				2373C98F1551B73D00F211AA /* InfoPlist.strings */,
				2373C9921551B73D00F211AA /* main.m */,
				2373C9941551B73D00F211AA /* ios-custom-input-component-Prefix.pch */,
			);
			name = "Supporting Files";
			sourceTree = "<group>";
		};
/* End PBXGroup section */

/* Begin PBXNativeTarget section */
		2373C9811551B73C00F211AA /* ios-custom-input-component */ = {
			isa = PBXNativeTarget;
			buildConfigurationList = 2373C9B51551B73D00F211AA /* Build configuration list for PBXNativeTarget "ios-custom-input-component" */;
			buildPhases = (
				2373C97E1551B73C00F211AA /* Sources */,
				2373C97F1551B73C00F211AA /* Frameworks */,
				2373C9801551B73C00F211AA /* Resources */,
			);
			buildRules = (
			);
			dependencies = (
			);
			name = "ios-custom-input-component";
			productName = "ios-custom-input-component";
			productReference = 2373C9821551B73C00F211AA /* ios-custom-input-component.app */;
			productType = "com.apple.product-type.application";
		};
/* End PBXNativeTarget section */

/* Begin PBXProject section */
		2373C9791551B73C00F211AA /* Project object */ = {
			isa = PBXProject;
			attributes = {
				CLASSPREFIX = SA;
				LastUpgradeCheck = 0430;
				ORGANIZATIONNAME = Acando;
			};
			buildConfigurationList = 2373C97C1551B73C00F211AA /* Build configuration list for PBXProject "ios-custom-input-component" */;
			compatibilityVersion = "Xcode 3.2";
			developmentRegion = English;
			hasScannedForEncodings = 0;
			knownRegions = (
				en,
			);
			mainGroup = 2373C9771551B73C00F211AA;
			productRefGroup = 2373C9831551B73C00F211AA /* Products */;
			projectDirPath = "";
			projectRoot = "";
			targets = (
				2373C9811551B73C00F211AA /* ios-custom-input-component */,
			);
		};
/* End PBXProject section */

/* Begin PBXResourcesBuildPhase section */
		2373C9801551B73C00F211AA /* Resources */ = {
			isa = PBXResourcesBuildPhase;
			buildActionMask = 2147483647;
			files = (
				2373C9911551B73D00F211AA /* InfoPlist.strings in Resources */,
				2373C99D1551B73D00F211AA /* SAViewController.xib in Resources */,
				234A37B11562A0E20057C950 /* fade_area_bg.png in Resources */,
				234A37B21562A0E20057C950 /* fade_area_bg@2x.png in Resources */,
				234A37B31562A0E20057C950 /* Icon-72.png in Resources */,
				234A37B41562A0E20057C950 /* Icon-Small-50.png in Resources */,
				234A37B51562A0E20057C950 /* Icon-Small.png in Resources */,
				234A37B61562A0E20057C950 /* Icon-Small@2x.png in Resources */,
				234A37B71562A0E20057C950 /* Icon.png in Resources */,
				234A37B81562A0E20057C950 /* Icon@2x.png in Resources */,
				234A37B91562A0E20057C950 /* iTunesArtwork.png in Resources */,
				23C3CBED1562A34E00F6CB21 /* icon_arrowBigDown.png in Resources */,
				23C3CBEE1562A34E00F6CB21 /* icon_arrowBigUp.png in Resources */,
				23C3CBEF1562A34E00F6CB21 /* icon_arrowBigDown@2x.png in Resources */,
				23C3CBF01562A34E00F6CB21 /* icon_arrowBigUp@2x.png in Resources */,
			);
			runOnlyForDeploymentPostprocessing = 0;
		};
/* End PBXResourcesBuildPhase section */

/* Begin PBXSourcesBuildPhase section */
		2373C97E1551B73C00F211AA /* Sources */ = {
			isa = PBXSourcesBuildPhase;
			buildActionMask = 2147483647;
			files = (
				2373C9931551B73D00F211AA /* main.m in Sources */,
				2373C9971551B73D00F211AA /* SAAppDelegate.m in Sources */,
				2373C99A1551B73D00F211AA /* SAViewController.m in Sources */,
				2373C9CD1551C39100F211AA /* SADoubleStreetNumberInputView.m in Sources */,
				2367CF5815580AAC00734255 /* SACounterUtil.m in Sources */,
				2341768115589725008FD85A /* SAStreetNumberInputView.m in Sources */,
				231AC2CC155CFCE800A41E33 /* SARepeatingButton.m in Sources */,
				23C3CBF41562A6BF00F6CB21 /* SASingleInputStreetNumberInputView.m in Sources */,
			);
			runOnlyForDeploymentPostprocessing = 0;
		};
/* End PBXSourcesBuildPhase section */

/* Begin PBXVariantGroup section */
		2373C98F1551B73D00F211AA /* InfoPlist.strings */ = {
			isa = PBXVariantGroup;
			children = (
				2373C9901551B73D00F211AA /* en */,
			);
			name = InfoPlist.strings;
			sourceTree = "<group>";
		};
		2373C99B1551B73D00F211AA /* SAViewController.xib */ = {
			isa = PBXVariantGroup;
			children = (
				2373C99C1551B73D00F211AA /* en */,
			);
			name = SAViewController.xib;
			sourceTree = "<group>";
		};
/* End PBXVariantGroup section */

/* Begin XCBuildConfiguration section */
		2373C9B31551B73D00F211AA /* Debug */ = {
			isa = XCBuildConfiguration;
			buildSettings = {
				ALWAYS_SEARCH_USER_PATHS = NO;
				ARCHS = "$(ARCHS_STANDARD_32_BIT)";
				CLANG_ENABLE_OBJC_ARC = YES;
				"CODE_SIGN_IDENTITY[sdk=iphoneos*]" = "iPhone Developer";
				COPY_PHASE_STRIP = NO;
				GCC_C_LANGUAGE_STANDARD = gnu99;
				GCC_DYNAMIC_NO_PIC = NO;
				GCC_OPTIMIZATION_LEVEL = 0;
				GCC_PREPROCESSOR_DEFINITIONS = (
					"DEBUG=1",
					"$(inherited)",
				);
				GCC_SYMBOLS_PRIVATE_EXTERN = NO;
				GCC_VERSION = com.apple.compilers.llvm.clang.1_0;
				GCC_WARN_ABOUT_RETURN_TYPE = YES;
				GCC_WARN_UNINITIALIZED_AUTOS = YES;
				GCC_WARN_UNUSED_VARIABLE = YES;
				IPHONEOS_DEPLOYMENT_TARGET = 4.0;
				SDKROOT = iphoneos;
			};
			name = Debug;
		};
		2373C9B41551B73D00F211AA /* Release */ = {
			isa = XCBuildConfiguration;
			buildSettings = {
				ALWAYS_SEARCH_USER_PATHS = NO;
				ARCHS = "$(ARCHS_STANDARD_32_BIT)";
				CLANG_ENABLE_OBJC_ARC = YES;
				"CODE_SIGN_IDENTITY[sdk=iphoneos*]" = "iPhone Developer";
				COPY_PHASE_STRIP = YES;
				GCC_C_LANGUAGE_STANDARD = gnu99;
				GCC_VERSION = com.apple.compilers.llvm.clang.1_0;
				GCC_WARN_ABOUT_RETURN_TYPE = YES;
				GCC_WARN_UNINITIALIZED_AUTOS = YES;
				GCC_WARN_UNUSED_VARIABLE = YES;
				IPHONEOS_DEPLOYMENT_TARGET = 4.0;
				OTHER_CFLAGS = "-DNS_BLOCK_ASSERTIONS=1";
				SDKROOT = iphoneos;
				VALIDATE_PRODUCT = YES;
			};
			name = Release;
		};
		2373C9B61551B73D00F211AA /* Debug */ = {
			isa = XCBuildConfiguration;
			buildSettings = {
				CODE_SIGN_IDENTITY = "iPhone Developer";
				GCC_PRECOMPILE_PREFIX_HEADER = YES;
				GCC_PREFIX_HEADER = "ios-custom-input-component/ios-custom-input-component-Prefix.pch";
				INFOPLIST_FILE = "ios-custom-input-component/ios-custom-input-component-Info.plist";
				IPHONEOS_DEPLOYMENT_TARGET = 4.0;
				PRODUCT_NAME = "$(TARGET_NAME)";
				PROVISIONING_PROFILE = "";
				WRAPPER_EXTENSION = app;
			};
			name = Debug;
		};
		2373C9B71551B73D00F211AA /* Release */ = {
			isa = XCBuildConfiguration;
			buildSettings = {
				CODE_SIGN_IDENTITY = "iPhone Distribution";
				GCC_PRECOMPILE_PREFIX_HEADER = YES;
				GCC_PREFIX_HEADER = "ios-custom-input-component/ios-custom-input-component-Prefix.pch";
				INFOPLIST_FILE = "ios-custom-input-component/ios-custom-input-component-Info.plist";
				IPHONEOS_DEPLOYMENT_TARGET = 4.0;
				PRODUCT_NAME = "$(TARGET_NAME)";
				PROVISIONING_PROFILE = "";
				WRAPPER_EXTENSION = app;
			};
			name = Release;
		};
/* End XCBuildConfiguration section */

/* Begin XCConfigurationList section */
		2373C97C1551B73C00F211AA /* Build configuration list for PBXProject "ios-custom-input-component" */ = {
			isa = XCConfigurationList;
			buildConfigurations = (
				2373C9B31551B73D00F211AA /* Debug */,
				2373C9B41551B73D00F211AA /* Release */,
			);
			defaultConfigurationIsVisible = 0;
			defaultConfigurationName = Release;
		};
		2373C9B51551B73D00F211AA /* Build configuration list for PBXNativeTarget "ios-custom-input-component" */ = {
			isa = XCConfigurationList;
			buildConfigurations = (
				2373C9B61551B73D00F211AA /* Debug */,
				2373C9B71551B73D00F211AA /* Release */,
			);
			defaultConfigurationIsVisible = 0;
			defaultConfigurationName = Release;
		};
/* End XCConfigurationList section */
	};
	rootObject = 2373C9791551B73C00F211AA /* Project object */;
}
